
Microsoft Visual Studio Solution File, Format Version 12.00
# Visual Studio 15
VisualStudioVersion = 15.0.26124.0
MinimumVisualStudioVersion = 15.0.26124.0
Project("{FAE04EC0-301F-11D3-BF4B-00C04F79EFBC}") = "TgInterface", "TgInterface\TgInterface.csproj", "{6B693B34-5AE9-4888-96CC-AB8E7EE05EBB}"
EndProject
Project("{FAE04EC0-301F-11D3-BF4B-00C04F79EFBC}") = "ModelScoutAPI", "ModelScoutAPI\ModelScoutAPI.csproj", "{2A723631-1477-40F2-A0C5-2AED967BC0C3}"
EndProject
Project("{FAE04EC0-301F-11D3-BF4B-00C04F79EFBC}") = "ModelScoutBackend", "ModelScoutBackend\ModelScoutBackend.csproj", "{FEEE9F23-05E3-441B-B7BF-C93054545822}"
EndProject
Project("{FAE04EC0-301F-11D3-BF4B-00C04F79EFBC}") = "TelegramBotBase", "TelegramBotBase\TelegramBotBase.csproj", "{2316D22A-B40C-4981-A3EB-49792D698787}"
EndProject
Global
	GlobalSection(SolutionProperties) = preSolution
		HideSolutionNode = FALSE
	EndGlobalSection
	GlobalSection(SolutionConfigurationPlatforms) = preSolution
		Debug|Any CPU = Debug|Any CPU
		Debug|x64 = Debug|x64
		Debug|x86 = Debug|x86
		Release|Any CPU = Release|Any CPU
		Release|x64 = Release|x64
		Release|x86 = Release|x86
	EndGlobalSection
	GlobalSection(ProjectConfigurationPlatforms) = postSolution
		{6B693B34-5AE9-4888-96CC-AB8E7EE05EBB}.Debug|Any CPU.ActiveCfg = Debug|Any CPU
		{6B693B34-5AE9-4888-96CC-AB8E7EE05EBB}.Debug|Any CPU.Build.0 = Debug|Any CPU
		{6B693B34-5AE9-4888-96CC-AB8E7EE05EBB}.Debug|x64.ActiveCfg = Debug|Any CPU
		{6B693B34-5AE9-4888-96CC-AB8E7EE05EBB}.Debug|x64.Build.0 = Debug|Any CPU
		{6B693B34-5AE9-4888-96CC-AB8E7EE05EBB}.Debug|x86.ActiveCfg = Debug|Any CPU
		{6B693B34-5AE9-4888-96CC-AB8E7EE05EBB}.Debug|x86.Build.0 = Debug|Any CPU
		{6B693B34-5AE9-4888-96CC-AB8E7EE05EBB}.Release|Any CPU.ActiveCfg = Release|Any CPU
		{6B693B34-5AE9-4888-96CC-AB8E7EE05EBB}.Release|Any CPU.Build.0 = Release|Any CPU
		{6B693B34-5AE9-4888-96CC-AB8E7EE05EBB}.Release|x64.ActiveCfg = Release|Any CPU
		{6B693B34-5AE9-4888-96CC-AB8E7EE05EBB}.Release|x64.Build.0 = Release|Any CPU
		{6B693B34-5AE9-4888-96CC-AB8E7EE05EBB}.Release|x86.ActiveCfg = Release|Any CPU
		{6B693B34-5AE9-4888-96CC-AB8E7EE05EBB}.Release|x86.Build.0 = Release|Any CPU
		{2A723631-1477-40F2-A0C5-2AED967BC0C3}.Debug|Any CPU.ActiveCfg = Debug|Any CPU
		{2A723631-1477-40F2-A0C5-2AED967BC0C3}.Debug|Any CPU.Build.0 = Debug|Any CPU
		{2A723631-1477-40F2-A0C5-2AED967BC0C3}.Debug|x64.ActiveCfg = Debug|Any CPU
		{2A723631-1477-40F2-A0C5-2AED967BC0C3}.Debug|x64.Build.0 = Debug|Any CPU
		{2A723631-1477-40F2-A0C5-2AED967BC0C3}.Debug|x86.ActiveCfg = Debug|Any CPU
		{2A723631-1477-40F2-A0C5-2AED967BC0C3}.Debug|x86.Build.0 = Debug|Any CPU
		{2A723631-1477-40F2-A0C5-2AED967BC0C3}.Release|Any CPU.ActiveCfg = Release|Any CPU
		{2A723631-1477-40F2-A0C5-2AED967BC0C3}.Release|Any CPU.Build.0 = Release|Any CPU
		{2A723631-1477-40F2-A0C5-2AED967BC0C3}.Release|x64.ActiveCfg = Release|Any CPU
		{2A723631-1477-40F2-A0C5-2AED967BC0C3}.Release|x64.Build.0 = Release|Any CPU
		{2A723631-1477-40F2-A0C5-2AED967BC0C3}.Release|x86.ActiveCfg = Release|Any CPU
		{2A723631-1477-40F2-A0C5-2AED967BC0C3}.Release|x86.Build.0 = Release|Any CPU
		{FEEE9F23-05E3-441B-B7BF-C93054545822}.Debug|Any CPU.ActiveCfg = Debug|Any CPU
		{FEEE9F23-05E3-441B-B7BF-C93054545822}.Debug|Any CPU.Build.0 = Debug|Any CPU
		{FEEE9F23-05E3-441B-B7BF-C93054545822}.Debug|x64.ActiveCfg = Debug|Any CPU
		{FEEE9F23-05E3-441B-B7BF-C93054545822}.Debug|x64.Build.0 = Debug|Any CPU
		{FEEE9F23-05E3-441B-B7BF-C93054545822}.Debug|x86.ActiveCfg = Debug|Any CPU
		{FEEE9F23-05E3-441B-B7BF-C93054545822}.Debug|x86.Build.0 = Debug|Any CPU
		{FEEE9F23-05E3-441B-B7BF-C93054545822}.Release|Any CPU.ActiveCfg = Release|Any CPU
		{FEEE9F23-05E3-441B-B7BF-C93054545822}.Release|Any CPU.Build.0 = Release|Any CPU
		{FEEE9F23-05E3-441B-B7BF-C93054545822}.Release|x64.ActiveCfg = Release|Any CPU
		{FEEE9F23-05E3-441B-B7BF-C93054545822}.Release|x64.Build.0 = Release|Any CPU
		{FEEE9F23-05E3-441B-B7BF-C93054545822}.Release|x86.ActiveCfg = Release|Any CPU
		{FEEE9F23-05E3-441B-B7BF-C93054545822}.Release|x86.Build.0 = Release|Any CPU
		{2316D22A-B40C-4981-A3EB-49792D698787}.Debug|Any CPU.ActiveCfg = Debug|Any CPU
		{2316D22A-B40C-4981-A3EB-49792D698787}.Debug|Any CPU.Build.0 = Debug|Any CPU
		{2316D22A-B40C-4981-A3EB-49792D698787}.Debug|x64.ActiveCfg = Debug|Any CPU
		{2316D22A-B40C-4981-A3EB-49792D698787}.Debug|x64.Build.0 = Debug|Any CPU
		{2316D22A-B40C-4981-A3EB-49792D698787}.Debug|x86.ActiveCfg = Debug|Any CPU
		{2316D22A-B40C-4981-A3EB-49792D698787}.Debug|x86.Build.0 = Debug|Any CPU
		{2316D22A-B40C-4981-A3EB-49792D698787}.Release|Any CPU.ActiveCfg = Release|Any CPU
		{2316D22A-B40C-4981-A3EB-49792D698787}.Release|Any CPU.Build.0 = Release|Any CPU
		{2316D22A-B40C-4981-A3EB-49792D698787}.Release|x64.ActiveCfg = Release|Any CPU
		{2316D22A-B40C-4981-A3EB-49792D698787}.Release|x64.Build.0 = Release|Any CPU
		{2316D22A-B40C-4981-A3EB-49792D698787}.Release|x86.ActiveCfg = Release|Any CPU
		{2316D22A-B40C-4981-A3EB-49792D698787}.Release|x86.Build.0 = Release|Any CPU
	EndGlobalSection
EndGlobal
